<?xml version="1.0" encoding="utf-8"?>
<Project ToolsVersion="4.0" xmlns="http://schemas.microsoft.com/developer/msbuild/2003">
  <ItemGroup>
    <ClCompile Include="winmm64.cpp" />
    <ClCompile Include="Loader\CLRHost.cpp">
      <Filter>Loader</Filter>
    </ClCompile>
    <ClCompile Include="Loader\ExportController.cpp">
      <Filter>Loader</Filter>
    </ClCompile>
    <ClCompile Include="Loader\FileManager.cpp">
      <Filter>Loader</Filter>
    </ClCompile>
    <ClCompile Include="Loader\GWLoader.cpp">
      <Filter>Loader</Filter>
    </ClCompile>
  </ItemGroup>
  <ItemGroup>
    <ClInclude Include="InternalHelpers.hpp" />
    <ClInclude Include="Loader\CLRHost.h">
      <Filter>Loader</Filter>
    </ClInclude>
    <ClInclude Include="Loader\Exports.h">
      <Filter>Loader</Filter>
    </ClInclude>
    <ClInclude Include="Loader\FileManager.h">
      <Filter>Loader</Filter>
    </ClInclude>
    <ClInclude Include="Loader\HookTypes.h">
      <Filter>Loader</Filter>
    </ClInclude>
    <ClInclude Include="Loader\INetDomain.h">
      <Filter>Loader</Filter>
    </ClInclude>
    <ClInclude Include="Loader\NetHostControl.hpp">
      <Filter>Loader</Filter>
    </ClInclude>
    <ClInclude Include="Loader\GWLoader.h">
      <Filter>Loader</Filter>
    </ClInclude>
  </ItemGroup>
  <ItemGroup>
    <MASM Include="winmm64_asm.asm" />
  </ItemGroup>
  <ItemGroup>
    <None Include="winmm64.def" />
  </ItemGroup>
  <ItemGroup>
    <Filter Include="Loader">
      <UniqueIdentifier>{ded9dc04-369b-4cb0-83ff-e98d828b57ac}</UniqueIdentifier>
    </Filter>
  </ItemGroup>
</Project>